
Microsoft Visual Studio Solution File, Format Version 12.00
# Visual Studio Version 17
VisualStudioVersion = 17.1.32328.378
MinimumVisualStudioVersion = 10.0.40219.1
Project("{FAE04EC0-301F-11D3-BF4B-00C04F79EFBC}") = "FinalProject", "FinalProject\FinalProject.csproj", "{A003AFB8-41DA-42D3-8ADF-5234D9ADDA92}"
EndProject
Global
	GlobalSection(SolutionConfigurationPlatforms) = preSolution
		Debug|Any CPU = Debug|Any CPU
		Release|Any CPU = Release|Any CPU
	EndGlobalSection
	GlobalSection(ProjectConfigurationPlatforms) = postSolution
		{A003AFB8-41DA-42D3-8ADF-5234D9ADDA92}.Debug|Any CPU.ActiveCfg = Debug|Any CPU
		{A003AFB8-41DA-42D3-8ADF-5234D9ADDA92}.Debug|Any CPU.Build.0 = Debug|Any CPU
		{A003AFB8-41DA-42D3-8ADF-5234D9ADDA92}.Release|Any CPU.ActiveCfg = Release|Any CPU
		{A003AFB8-41DA-42D3-8ADF-5234D9ADDA92}.Release|Any CPU.Build.0 = Release|Any CPU
	EndGlobalSection
	GlobalSection(SolutionProperties) = preSolution
		HideSolutionNode = FALSE
	EndGlobalSection
	GlobalSection(ExtensibilityGlobals) = postSolution
		SolutionGuid = {5DD6AC83-ABEF-413C-BAFF-AC6622B3C491}
	EndGlobalSection
EndGlobal
